# This file is autogenerated, do not edit; changes may be undone by the next 'dep ensure'.


[[projects]]
  digest = "1:ad53d1f710522a38d1f0e5e0a55a194b1c6b2cd8e84313568e43523271f0cf62"
  name = "github.com/go-redis/redis"
  packages = [
    ".",
    "internal",
    "internal/consistenthash",
    "internal/hashtag",
    "internal/pool",
    "internal/proto",
    "internal/util",
  ]
  pruneopts = "UT"
  revision = "22be8a3eaf992c828cecb69dc07348313bf08d2e"
  version = "v6.15.1"

[[projects]]
  digest = "1:8ec8d88c248041a6df5f6574b87bc00e7e0b493881dad2e7ef47b11dc69093b5"
  name = "github.com/hashicorp/golang-lru"
  packages = [
    ".",
    "simplelru",
  ]
  pruneopts = "UT"
  revision = "20f1fb78b0740ba8c3cb143a61e86ba5c8669768"
  version = "v0.5.0"

[[projects]]
  digest = "1:08d65904057412fc0270fc4812a1c90c594186819243160dc779a402d4b6d0bc"
  name = "github.com/spf13/cast"
  packages = ["."]
  pruneopts = "UT"
  revision = "8c9545af88b134710ab1cd196795e7f2388358d7"
  version = "v1.3.0"

[[projects]]
  digest = "1:1be0f784d7405ede7e8aee30acf3c1d7a9c2414a8cb868280de828dd8789326d"
  name = "github.com/vicanso/cookies"
  packages = ["."]
  pruneopts = "UT"
  revision = "4496381b0bdbd19a9951a188ef1aefc12ce59545"
  version = "0.3.0"

[[projects]]
  digest = "1:edd4fcee8a9dfb437f500720543eaf419f3976806d94fbfa29d46dfa3f4740e1"
  name = "github.com/vicanso/keygrip"
  packages = ["."]
  pruneopts = "UT"
  revision = "0c49b10eb9a3766a6f4878c5dbe0a01db4edf2af"
  version = "0.0.2"

[solve-meta]
  analyzer-name = "dep"
  analyzer-version = 1
  input-imports = [
    "github.com/go-redis/redis",
    "github.com/hashicorp/golang-lru",
    "github.com/spf13/cast",
    "github.com/vicanso/cookies",
    "github.com/vicanso/keygrip",
  ]
  solver-name = "gps-cdcl"
  solver-version = 1
